
Microsoft Visual Studio Solution File, Format Version 12.00
# Visual Studio Version 16
VisualStudioVersion = 16.0.34114.132
MinimumVisualStudioVersion = 10.0.40219.1
Project("{FAE04EC0-301F-11D3-BF4B-00C04F79EFBC}") = "Prueba", "Prueba.csproj", "{7DD40220-9A27-44E0-A2A3-428F6FC26A37}"
EndProject
Global
	GlobalSection(SolutionConfigurationPlatforms) = preSolution
		Debug|Any CPU = Debug|Any CPU
		Release|Any CPU = Release|Any CPU
	EndGlobalSection
	GlobalSection(ProjectConfigurationPlatforms) = postSolution
		{7DD40220-9A27-44E0-A2A3-428F6FC26A37}.Debug|Any CPU.ActiveCfg = Debug|Any CPU
		{7DD40220-9A27-44E0-A2A3-428F6FC26A37}.Debug|Any CPU.Build.0 = Debug|Any CPU
		{7DD40220-9A27-44E0-A2A3-428F6FC26A37}.Release|Any CPU.ActiveCfg = Release|Any CPU
		{7DD40220-9A27-44E0-A2A3-428F6FC26A37}.Release|Any CPU.Build.0 = Release|Any CPU
	EndGlobalSection
	GlobalSection(SolutionProperties) = preSolution
		HideSolutionNode = FALSE
	EndGlobalSection
	GlobalSection(ExtensibilityGlobals) = postSolution
		SolutionGuid = {896472B9-C376-4486-9E0E-BFBC4948AF34}
	EndGlobalSection
EndGlobal
